// !$*UTF8*$!
{
	archiveVersion = 1;
	classes = {
	};
	objectVersion = 46;
	objects = {

/* Begin PBXBuildFile section */
		275A0E361B364E7500E7A929 /* main.m in Sources */ = {isa = PBXBuildFile; fileRef = 275A0E351B364E7500E7A929 /* main.m */; };
		275A0E391B364E7500E7A929 /* AppDelegate.m in Sources */ = {isa = PBXBuildFile; fileRef = 275A0E381B364E7500E7A929 /* AppDelegate.m */; };
		275A0E3C1B364E7500E7A929 /* ViewController.m in Sources */ = {isa = PBXBuildFile; fileRef = 275A0E3B1B364E7500E7A929 /* ViewController.m */; };
		275A0E3F1B364E7500E7A929 /* Main.storyboard in Resources */ = {isa = PBXBuildFile; fileRef = 275A0E3D1B364E7500E7A929 /* Main.storyboard */; };
		275A0E411B364E7500E7A929 /* Images.xcassets in Resources */ = {isa = PBXBuildFile; fileRef = 275A0E401B364E7500E7A929 /* Images.xcassets */; };
		275A0E441B364E7500E7A929 /* LaunchScreen.xib in Resources */ = {isa = PBXBuildFile; fileRef = 275A0E421B364E7500E7A929 /* LaunchScreen.xib */; };
		275A0E501B364E7500E7A929 /* a16zTests.m in Sources */ = {isa = PBXBuildFile; fileRef = 275A0E4F1B364E7500E7A929 /* a16zTests.m */; };
/* End PBXBuildFile section */

/* Begin PBXContainerItemProxy section */
		275A0E4A1B364E7500E7A929 /* PBXContainerItemProxy */ = {
			isa = PBXContainerItemProxy;
			containerPortal = 275A0E281B364E7500E7A929 /* Project object */;
			proxyType = 1;
			remoteGlobalIDString = 275A0E2F1B364E7500E7A929;
			remoteInfo = a16z;
		};
/* End PBXContainerItemProxy section */

/* Begin PBXFileReference section */
		275A0E301B364E7500E7A929 /* a16z.app */ = {isa = PBXFileReference; explicitFileType = wrapper.application; includeInIndex = 0; path = a16z.app; sourceTree = BUILT_PRODUCTS_DIR; };
		275A0E341B364E7500E7A929 /* Info.plist */ = {isa = PBXFileReference; lastKnownFileType = text.plist.xml; path = Info.plist; sourceTree = "<group>"; };
		275A0E351B364E7500E7A929 /* main.m */ = {isa = PBXFileReference; lastKnownFileType = sourcecode.c.objc; path = main.m; sourceTree = "<group>"; };
		275A0E371B364E7500E7A929 /* AppDelegate.h */ = {isa = PBXFileReference; lastKnownFileType = sourcecode.c.h; path = AppDelegate.h; sourceTree = "<group>"; };
		275A0E381B364E7500E7A929 /* AppDelegate.m */ = {isa = PBXFileReference; lastKnownFileType = sourcecode.c.objc; path = AppDelegate.m; sourceTree = "<group>"; };
		275A0E3A1B364E7500E7A929 /* ViewController.h */ = {isa = PBXFileReference; lastKnownFileType = sourcecode.c.h; path = ViewController.h; sourceTree = "<group>"; };
		275A0E3B1B364E7500E7A929 /* ViewController.m */ = {isa = PBXFileReference; lastKnownFileType = sourcecode.c.objc; path = ViewController.m; sourceTree = "<group>"; };
		275A0E3E1B364E7500E7A929 /* Base */ = {isa = PBXFileReference; lastKnownFileType = file.storyboard; name = Base; path = Base.lproj/Main.storyboard; sourceTree = "<group>"; };
		275A0E401B364E7500E7A929 /* Images.xcassets */ = {isa = PBXFileReference; lastKnownFileType = folder.assetcatalog; path = Images.xcassets; sourceTree = "<group>"; };
		275A0E431B364E7500E7A929 /* Base */ = {isa = PBXFileReference; lastKnownFileType = file.xib; name = Base; path = Base.lproj/LaunchScreen.xib; sourceTree = "<group>"; };
		275A0E491B364E7500E7A929 /* a16zTests.xctest */ = {isa = PBXFileReference; explicitFileType = wrapper.cfbundle; includeInIndex = 0; path = a16zTests.xctest; sourceTree = BUILT_PRODUCTS_DIR; };
		275A0E4E1B364E7500E7A929 /* Info.plist */ = {isa = PBXFileReference; lastKnownFileType = text.plist.xml; path = Info.plist; sourceTree = "<group>"; };
		275A0E4F1B364E7500E7A929 /* a16zTests.m */ = {isa = PBXFileReference; lastKnownFileType = sourcecode.c.objc; path = a16zTests.m; sourceTree = "<group>"; };
/* End PBXFileReference section */

/* Begin PBXFrameworksBuildPhase section */
		275A0E2D1B364E7500E7A929 /* Frameworks */ = {
			isa = PBXFrameworksBuildPhase;
			buildActionMask = 2147483647;
			files = (
			);
			runOnlyForDeploymentPostprocessing = 0;
		};
		275A0E461B364E7500E7A929 /* Frameworks */ = {
			isa = PBXFrameworksBuildPhase;
			buildActionMask = 2147483647;
			files = (
			);
			runOnlyForDeploymentPostprocessing = 0;
		};
/* End PBXFrameworksBuildPhase section */

/* Begin PBXGroup section */
		275A0E271B364E7500E7A929 = {
			isa = PBXGroup;
			children = (
				275A0E321B364E7500E7A929 /* a16z */,
				275A0E4C1B364E7500E7A929 /* a16zTests */,
				275A0E311B364E7500E7A929 /* Products */,
			);
			sourceTree = "<group>";
		};
		275A0E311B364E7500E7A929 /* Products */ = {
			isa = PBXGroup;
			children = (
				275A0E301B364E7500E7A929 /* a16z.app */,
				275A0E491B364E7500E7A929 /* a16zTests.xctest */,
			);
			name = Products;
			sourceTree = "<group>";
		};
		275A0E321B364E7500E7A929 /* a16z */ = {
			isa = PBXGroup;
			children = (
				275A0E371B364E7500E7A929 /* AppDelegate.h */,
				275A0E381B364E7500E7A929 /* AppDelegate.m */,
				275A0E3A1B364E7500E7A929 /* ViewController.h */,
				275A0E3B1B364E7500E7A929 /* ViewController.m */,
				275A0E3D1B364E7500E7A929 /* Main.storyboard */,
				275A0E401B364E7500E7A929 /* Images.xcassets */,
				275A0E421B364E7500E7A929 /* LaunchScreen.xib */,
				275A0E331B364E7500E7A929 /* Supporting Files */,
			);
			path = a16z;
			sourceTree = "<group>";
		};
		275A0E331B364E7500E7A929 /* Supporting Files */ = {
			isa = PBXGroup;
			children = (
				275A0E341B364E7500E7A929 /* Info.plist */,
				275A0E351B364E7500E7A929 /* main.m */,
			);
			name = "Supporting Files";
			sourceTree = "<group>";
		};
		275A0E4C1B364E7500E7A929 /* a16zTests */ = {
			isa = PBXGroup;
			children = (
				275A0E4F1B364E7500E7A929 /* a16zTests.m */,
				275A0E4D1B364E7500E7A929 /* Supporting Files */,
			);
			path = a16zTests;
			sourceTree = "<group>";
		};
		275A0E4D1B364E7500E7A929 /* Supporting Files */ = {
			isa = PBXGroup;
			children = (
				275A0E4E1B364E7500E7A929 /* Info.plist */,
			);
			name = "Supporting Files";
			sourceTree = "<group>";
		};
/* End PBXGroup section */

/* Begin PBXNativeTarget section */
		275A0E2F1B364E7500E7A929 /* a16z */ = {
			isa = PBXNativeTarget;
			buildConfigurationList = 275A0E531B364E7500E7A929 /* Build configuration list for PBXNativeTarget "a16z" */;
			buildPhases = (
				275A0E2C1B364E7500E7A929 /* Sources */,
				275A0E2D1B364E7500E7A929 /* Frameworks */,
				275A0E2E1B364E7500E7A929 /* Resources */,
			);
			buildRules = (
			);
			dependencies = (
			);
			name = a16z;
			productName = a16z;
			productReference = 275A0E301B364E7500E7A929 /* a16z.app */;
			productType = "com.apple.product-type.application";
		};
		275A0E481B364E7500E7A929 /* a16zTests */ = {
			isa = PBXNativeTarget;
			buildConfigurationList = 275A0E561B364E7500E7A929 /* Build configuration list for PBXNativeTarget "a16zTests" */;
			buildPhases = (
				275A0E451B364E7500E7A929 /* Sources */,
				275A0E461B364E7500E7A929 /* Frameworks */,
				275A0E471B364E7500E7A929 /* Resources */,
			);
			buildRules = (
			);
			dependencies = (
				275A0E4B1B364E7500E7A929 /* PBXTargetDependency */,
			);
			name = a16zTests;
			productName = a16zTests;
			productReference = 275A0E491B364E7500E7A929 /* a16zTests.xctest */;
			productType = "com.apple.product-type.bundle.unit-test";
		};
/* End PBXNativeTarget section */

/* Begin PBXProject section */
		275A0E281B364E7500E7A929 /* Project object */ = {
			isa = PBXProject;
			attributes = {
				LastUpgradeCheck = 0620;
				ORGANIZATIONNAME = HackMIT;
				TargetAttributes = {
					275A0E2F1B364E7500E7A929 = {
						CreatedOnToolsVersion = 6.2;
					};
					275A0E481B364E7500E7A929 = {
						CreatedOnToolsVersion = 6.2;
						TestTargetID = 275A0E2F1B364E7500E7A929;
					};
				};
			};
			buildConfigurationList = 275A0E2B1B364E7500E7A929 /* Build configuration list for PBXProject "a16z" */;
			compatibilityVersion = "Xcode 3.2";
			developmentRegion = English;
			hasScannedForEncodings = 0;
			knownRegions = (
				en,
				Base,
			);
			mainGroup = 275A0E271B364E7500E7A929;
			productRefGroup = 275A0E311B364E7500E7A929 /* Products */;
			projectDirPath = "";
			projectRoot = "";
			targets = (
				275A0E2F1B364E7500E7A929 /* a16z */,
				275A0E481B364E7500E7A929 /* a16zTests */,
			);
		};
/* End PBXProject section */

/* Begin PBXResourcesBuildPhase section */
		275A0E2E1B364E7500E7A929 /* Resources */ = {
			isa = PBXResourcesBuildPhase;
			buildActionMask = 2147483647;
			files = (
				275A0E3F1B364E7500E7A929 /* Main.storyboard in Resources */,
				275A0E441B364E7500E7A929 /* LaunchScreen.xib in Resources */,
				275A0E411B364E7500E7A929 /* Images.xcassets in Resources */,
			);
			runOnlyForDeploymentPostprocessing = 0;
		};
		275A0E471B364E7500E7A929 /* Resources */ = {
			isa = PBXResourcesBuildPhase;
			buildActionMask = 2147483647;
			files = (
			);
			runOnlyForDeploymentPostprocessing = 0;
		};
/* End PBXResourcesBuildPhase section */

/* Begin PBXSourcesBuildPhase section */
		275A0E2C1B364E7500E7A929 /* Sources */ = {
			isa = PBXSourcesBuildPhase;
			buildActionMask = 2147483647;
			files = (
				275A0E3C1B364E7500E7A929 /* ViewController.m in Sources */,
				275A0E391B364E7500E7A929 /* AppDelegate.m in Sources */,
				275A0E361B364E7500E7A929 /* main.m in Sources */,
			);
			runOnlyForDeploymentPostprocessing = 0;
		};
		275A0E451B364E7500E7A929 /* Sources */ = {
			isa = PBXSourcesBuildPhase;
			buildActionMask = 2147483647;
			files = (
				275A0E501B364E7500E7A929 /* a16zTests.m in Sources */,
			);
			runOnlyForDeploymentPostprocessing = 0;
		};
/* End PBXSourcesBuildPhase section */

/* Begin PBXTargetDependency section */
		275A0E4B1B364E7500E7A929 /* PBXTargetDependency */ = {
			isa = PBXTargetDependency;
			target = 275A0E2F1B364E7500E7A929 /* a16z */;
			targetProxy = 275A0E4A1B364E7500E7A929 /* PBXContainerItemProxy */;
		};
/* End PBXTargetDependency section */

/* Begin PBXVariantGroup section */
		275A0E3D1B364E7500E7A929 /* Main.storyboard */ = {
			isa = PBXVariantGroup;
			children = (
				275A0E3E1B364E7500E7A929 /* Base */,
			);
			name = Main.storyboard;
			sourceTree = "<group>";
		};
		275A0E421B364E7500E7A929 /* LaunchScreen.xib */ = {
			isa = PBXVariantGroup;
			children = (
				275A0E431B364E7500E7A929 /* Base */,
			);
			name = LaunchScreen.xib;
			sourceTree = "<group>";
		};
/* End PBXVariantGroup section */

/* Begin XCBuildConfiguration section */
		275A0E511B364E7500E7A929 /* Debug */ = {
			isa = XCBuildConfiguration;
			buildSettings = {
				ALWAYS_SEARCH_USER_PATHS = NO;
				CLANG_CXX_LANGUAGE_STANDARD = "gnu++0x";
				CLANG_CXX_LIBRARY = "libc++";
				CLANG_ENABLE_MODULES = YES;
				CLANG_ENABLE_OBJC_ARC = YES;
				CLANG_WARN_BOOL_CONVERSION = YES;
				CLANG_WARN_CONSTANT_CONVERSION = YES;
				CLANG_WARN_DIRECT_OBJC_ISA_USAGE = YES_ERROR;
				CLANG_WARN_EMPTY_BODY = YES;
				CLANG_WARN_ENUM_CONVERSION = YES;
				CLANG_WARN_INT_CONVERSION = YES;
				CLANG_WARN_OBJC_ROOT_CLASS = YES_ERROR;
				CLANG_WARN_UNREACHABLE_CODE = YES;
				CLANG_WARN__DUPLICATE_METHOD_MATCH = YES;
				"CODE_SIGN_IDENTITY[sdk=iphoneos*]" = "iPhone Developer";
				COPY_PHASE_STRIP = NO;
				ENABLE_STRICT_OBJC_MSGSEND = YES;
				GCC_C_LANGUAGE_STANDARD = gnu99;
				GCC_DYNAMIC_NO_PIC = NO;
				GCC_OPTIMIZATION_LEVEL = 0;
				GCC_PREPROCESSOR_DEFINITIONS = (
					"DEBUG=1",
					"$(inherited)",
				);
				GCC_SYMBOLS_PRIVATE_EXTERN = NO;
				GCC_WARN_64_TO_32_BIT_CONVERSION = YES;
				GCC_WARN_ABOUT_RETURN_TYPE = YES_ERROR;
				GCC_WARN_UNDECLARED_SELECTOR = YES;
				GCC_WARN_UNINITIALIZED_AUTOS = YES_AGGRESSIVE;
				GCC_WARN_UNUSED_FUNCTION = YES;
				GCC_WARN_UNUSED_VARIABLE = YES;
				IPHONEOS_DEPLOYMENT_TARGET = 8.2;
				MTL_ENABLE_DEBUG_INFO = YES;
				ONLY_ACTIVE_ARCH = YES;
				SDKROOT = iphoneos;
			};
			name = Debug;
		};
		275A0E521B364E7500E7A929 /* Release */ = {
			isa = XCBuildConfiguration;
			buildSettings = {
				ALWAYS_SEARCH_USER_PATHS = NO;
				CLANG_CXX_LANGUAGE_STANDARD = "gnu++0x";
				CLANG_CXX_LIBRARY = "libc++";
				CLANG_ENABLE_MODULES = YES;
				CLANG_ENABLE_OBJC_ARC = YES;
				CLANG_WARN_BOOL_CONVERSION = YES;
				CLANG_WARN_CONSTANT_CONVERSION = YES;
				CLANG_WARN_DIRECT_OBJC_ISA_USAGE = YES_ERROR;
				CLANG_WARN_EMPTY_BODY = YES;
				CLANG_WARN_ENUM_CONVERSION = YES;
				CLANG_WARN_INT_CONVERSION = YES;
				CLANG_WARN_OBJC_ROOT_CLASS = YES_ERROR;
				CLANG_WARN_UNREACHABLE_CODE = YES;
				CLANG_WARN__DUPLICATE_METHOD_MATCH = YES;
				"CODE_SIGN_IDENTITY[sdk=iphoneos*]" = "iPhone Developer";
				COPY_PHASE_STRIP = NO;
				ENABLE_NS_ASSERTIONS = NO;
				ENABLE_STRICT_OBJC_MSGSEND = YES;
				GCC_C_LANGUAGE_STANDARD = gnu99;
				GCC_WARN_64_TO_32_BIT_CONVERSION = YES;
				GCC_WARN_ABOUT_RETURN_TYPE = YES_ERROR;
				GCC_WARN_UNDECLARED_SELECTOR = YES;
				GCC_WARN_UNINITIALIZED_AUTOS = YES_AGGRESSIVE;
				GCC_WARN_UNUSED_FUNCTION = YES;
				GCC_WARN_UNUSED_VARIABLE = YES;
				IPHONEOS_DEPLOYMENT_TARGET = 8.2;
				MTL_ENABLE_DEBUG_INFO = NO;
				SDKROOT = iphoneos;
				VALIDATE_PRODUCT = YES;
			};
			name = Release;
		};
		275A0E541B364E7500E7A929 /* Debug */ = {
			isa = XCBuildConfiguration;
			buildSettings = {
				ASSETCATALOG_COMPILER_APPICON_NAME = AppIcon;
				INFOPLIST_FILE = a16z/Info.plist;
				LD_RUNPATH_SEARCH_PATHS = "$(inherited) @executable_path/Frameworks";
				PRODUCT_NAME = "$(TARGET_NAME)";
			};
			name = Debug;
		};
		275A0E551B364E7500E7A929 /* Release */ = {
			isa = XCBuildConfiguration;
			buildSettings = {
				ASSETCATALOG_COMPILER_APPICON_NAME = AppIcon;
				INFOPLIST_FILE = a16z/Info.plist;
				LD_RUNPATH_SEARCH_PATHS = "$(inherited) @executable_path/Frameworks";
				PRODUCT_NAME = "$(TARGET_NAME)";
			};
			name = Release;
		};
		275A0E571B364E7500E7A929 /* Debug */ = {
			isa = XCBuildConfiguration;
			buildSettings = {
				BUNDLE_LOADER = "$(TEST_HOST)";
				FRAMEWORK_SEARCH_PATHS = (
					"$(SDKROOT)/Developer/Library/Frameworks",
					"$(inherited)",
				);
				GCC_PREPROCESSOR_DEFINITIONS = (
					"DEBUG=1",
					"$(inherited)",
				);
				INFOPLIST_FILE = a16zTests/Info.plist;
				LD_RUNPATH_SEARCH_PATHS = "$(inherited) @executable_path/Frameworks @loader_path/Frameworks";
				PRODUCT_NAME = "$(TARGET_NAME)";
				TEST_HOST = "$(BUILT_PRODUCTS_DIR)/a16z.app/a16z";
			};
			name = Debug;
		};
		275A0E581B364E7500E7A929 /* Release */ = {
			isa = XCBuildConfiguration;
			buildSettings = {
				BUNDLE_LOADER = "$(TEST_HOST)";
				FRAMEWORK_SEARCH_PATHS = (
					"$(SDKROOT)/Developer/Library/Frameworks",
					"$(inherited)",
				);
				INFOPLIST_FILE = a16zTests/Info.plist;
				LD_RUNPATH_SEARCH_PATHS = "$(inherited) @executable_path/Frameworks @loader_path/Frameworks";
				PRODUCT_NAME = "$(TARGET_NAME)";
				TEST_HOST = "$(BUILT_PRODUCTS_DIR)/a16z.app/a16z";
			};
			name = Release;
		};
/* End XCBuildConfiguration section */

/* Begin XCConfigurationList section */
		275A0E2B1B364E7500E7A929 /* Build configuration list for PBXProject "a16z" */ = {
			isa = XCConfigurationList;
			buildConfigurations = (
				275A0E511B364E7500E7A929 /* Debug */,
				275A0E521B364E7500E7A929 /* Release */,
			);
			defaultConfigurationIsVisible = 0;
			defaultConfigurationName = Release;
		};
		275A0E531B364E7500E7A929 /* Build configuration list for PBXNativeTarget "a16z" */ = {
			isa = XCConfigurationList;
			buildConfigurations = (
				275A0E541B364E7500E7A929 /* Debug */,
				275A0E551B364E7500E7A929 /* Release */,
			);
			defaultConfigurationIsVisible = 0;
		};
		275A0E561B364E7500E7A929 /* Build configuration list for PBXNativeTarget "a16zTests" */ = {
			isa = XCConfigurationList;
			buildConfigurations = (
				275A0E571B364E7500E7A929 /* Debug */,
				275A0E581B364E7500E7A929 /* Release */,
			);
			defaultConfigurationIsVisible = 0;
		};
/* End XCConfigurationList section */
	};
	rootObject = 275A0E281B364E7500E7A929 /* Project object */;
}
